
Microsoft Visual Studio Solution File, Format Version 12.00
# Visual Studio Version 17
VisualStudioVersion = 17.3.32901.215
MinimumVisualStudioVersion = 10.0.40219.1
Project("{FAE04EC0-301F-11D3-BF4B-00C04F79EFBC}") = "Week2", "Week2\Week2.csproj", "{8E9FCA9A-E563-46A3-A7C2-247FFA906873}"
EndProject
Project("{FAE04EC0-301F-11D3-BF4B-00C04F79EFBC}") = "UserGenderValidation", "UserAgeValidation\UserGenderValidation.csproj", "{366DC9E0-0273-4A2A-A7F0-438E6DC88539}"
EndProject
Project("{FAE04EC0-301F-11D3-BF4B-00C04F79EFBC}") = "UserAgeValidation2", "UserAgeValidation2\UserAgeValidation2.csproj", "{80864952-97F6-4F29-8365-2DC5E0A29987}"
EndProject
Global
	GlobalSection(SolutionConfigurationPlatforms) = preSolution
		Debug|Any CPU = Debug|Any CPU
		Release|Any CPU = Release|Any CPU
	EndGlobalSection
	GlobalSection(ProjectConfigurationPlatforms) = postSolution
		{8E9FCA9A-E563-46A3-A7C2-247FFA906873}.Debug|Any CPU.ActiveCfg = Debug|Any CPU
		{8E9FCA9A-E563-46A3-A7C2-247FFA906873}.Debug|Any CPU.Build.0 = Debug|Any CPU
		{8E9FCA9A-E563-46A3-A7C2-247FFA906873}.Release|Any CPU.ActiveCfg = Release|Any CPU
		{8E9FCA9A-E563-46A3-A7C2-247FFA906873}.Release|Any CPU.Build.0 = Release|Any CPU
		{366DC9E0-0273-4A2A-A7F0-438E6DC88539}.Debug|Any CPU.ActiveCfg = Debug|Any CPU
		{366DC9E0-0273-4A2A-A7F0-438E6DC88539}.Debug|Any CPU.Build.0 = Debug|Any CPU
		{366DC9E0-0273-4A2A-A7F0-438E6DC88539}.Release|Any CPU.ActiveCfg = Release|Any CPU
		{366DC9E0-0273-4A2A-A7F0-438E6DC88539}.Release|Any CPU.Build.0 = Release|Any CPU
		{80864952-97F6-4F29-8365-2DC5E0A29987}.Debug|Any CPU.ActiveCfg = Debug|Any CPU
		{80864952-97F6-4F29-8365-2DC5E0A29987}.Debug|Any CPU.Build.0 = Debug|Any CPU
		{80864952-97F6-4F29-8365-2DC5E0A29987}.Release|Any CPU.ActiveCfg = Release|Any CPU
		{80864952-97F6-4F29-8365-2DC5E0A29987}.Release|Any CPU.Build.0 = Release|Any CPU
	EndGlobalSection
	GlobalSection(SolutionProperties) = preSolution
		HideSolutionNode = FALSE
	EndGlobalSection
	GlobalSection(ExtensibilityGlobals) = postSolution
		SolutionGuid = {1F52BF2D-25AB-4E95-AABA-11DA3C3D3724}
	EndGlobalSection
EndGlobal
